
Microsoft Visual Studio Solution File, Format Version 12.00
# Visual Studio Version 16
VisualStudioVersion = 16.0.31321.278
MinimumVisualStudioVersion = 10.0.40219.1
Project("{FAE04EC0-301F-11D3-BF4B-00C04F79EFBC}") = "PoliceNew", "PoliceNew\PoliceNew.csproj", "{450BC016-788F-4704-B669-214498F5BCBC}"
EndProject
Global
	GlobalSection(SolutionConfigurationPlatforms) = preSolution
		Debug|Any CPU = Debug|Any CPU
		Release|Any CPU = Release|Any CPU
	EndGlobalSection
	GlobalSection(ProjectConfigurationPlatforms) = postSolution
		{450BC016-788F-4704-B669-214498F5BCBC}.Debug|Any CPU.ActiveCfg = Debug|Any CPU
		{450BC016-788F-4704-B669-214498F5BCBC}.Debug|Any CPU.Build.0 = Debug|Any CPU
		{450BC016-788F-4704-B669-214498F5BCBC}.Release|Any CPU.ActiveCfg = Release|Any CPU
		{450BC016-788F-4704-B669-214498F5BCBC}.Release|Any CPU.Build.0 = Release|Any CPU
	EndGlobalSection
	GlobalSection(SolutionProperties) = preSolution
		HideSolutionNode = FALSE
	EndGlobalSection
	GlobalSection(ExtensibilityGlobals) = postSolution
		SolutionGuid = {66BDED5B-40AC-424C-B3D9-8A3EA1E69663}
	EndGlobalSection
EndGlobal
